# THIS IS AN AUTOGENERATED FILE. DO NOT EDIT THIS FILE DIRECTLY.
# yarn lockfile v1


"@discordjs/collection@^0.1.6":
  version "0.1.6"
  resolved "https://registry.yarnpkg.com/@discordjs/collection/-/collection-0.1.6.tgz#9e9a7637f4e4e0688fd8b2b5c63133c91607682c"
  integrity sha512-utRNxnd9kSS2qhyivo9lMlt5qgAUasH2gb7BEOn6p0efFh24gjGomHzWKMAPn2hEReOPQZCJaRKoURwRotKucQ==

"@discordjs/form-data@^3.0.1":
  version "3.0.1"
  resolved "https://registry.yarnpkg.com/@discordjs/form-data/-/form-data-3.0.1.tgz#5c9e6be992e2e57d0dfa0e39979a850225fb4697"
  integrity sha512-ZfFsbgEXW71Rw/6EtBdrP5VxBJy4dthyC0tpQKGKmYFImlmmrykO14Za+BiIVduwjte0jXEBlhSKf0MWbFp9Eg==
  dependencies:
    asynckit "^0.4.0"
    combined-stream "^1.0.8"
    mime-types "^2.1.12"

"@tonaljs/abc-notation@^4.5.1":
  version "4.5.1"
  resolved "https://registry.yarnpkg.com/@tonaljs/abc-notation/-/abc-notation-4.5.1.tgz#7efc562e43badd8e682131c8d9bbeb7ad4d047fb"
  integrity sha512-xapFuj1e7jyNSPq0qiW9ohW0CbdI4nDy0qIQJ+zyLvTD6i8r3ZvQN5DRdemYYl2VAaxkHh1zPhuaHOucHK2kRQ==
  dependencies:
    "@tonaljs/core" "^4.5.1"

"@tonaljs/array@^4.5.1":
  version "4.5.1"
  resolved "https://registry.yarnpkg.com/@tonaljs/array/-/array-4.5.1.tgz#afdfe9143d3741ebf2d9f70e8b9d157ddcab416c"
  integrity sha512-QDHke1btJCDtUPqbuhySkaeR2c5FEyH7wt7tCIiQwOCYbC6wabksH9zo0cbbvc0yOdy96RKqHv+mNcUu9rp0oA==
  dependencies:
    "@tonaljs/core" "^4.5.1"

"@tonaljs/chord-detect@^4.5.1":
  version "4.5.1"
  resolved "https://registry.yarnpkg.com/@tonaljs/chord-detect/-/chord-detect-4.5.1.tgz#a393c31c7d169aceaddbb9df7a05407f0ea298c2"
  integrity sha512-rA6vSLsd0b+oTEg3qZicsARXix49jKMoQLpqYnFWfNwSEop0eWcTv5cORJ6vcRrML+9TkXr9qtbZyvzK4Ev2Qw==
  dependencies:
    "@tonaljs/chord-type" "^4.5.1"
    "@tonaljs/core" "^4.5.1"
    "@tonaljs/pcset" "^4.5.1"

"@tonaljs/chord-type@^4.5.1":
  version "4.5.1"
  resolved "https://registry.yarnpkg.com/@tonaljs/chord-type/-/chord-type-4.5.1.tgz#c92dfb04517816c771cd829c690134bf5494e235"
  integrity sha512-QHrQEnBmjqdOpuJ2Bs4vqX4Z6gAo3LtUOHiJuoj8KyEHvUelmgj4UwXz7mQYc2eSyrpyBzhkPsZXbMXn4frZ+Q==
  dependencies:
    "@tonaljs/core" "^4.5.1"
    "@tonaljs/pcset" "^4.5.1"

"@tonaljs/chord@^4.5.1":
  version "4.5.1"
  resolved "https://registry.yarnpkg.com/@tonaljs/chord/-/chord-4.5.1.tgz#4ea3cfa60a3066faf7aa8afb5cc5e182d9fda1fc"
  integrity sha512-lPvJ96L61m0aJsB8eEagx3yTcoJZMTXIxzoKVg2ge9xtPI9Iq5p5Y3aX5fkb12HpOu2Hoas3Kg2favCN0AENpw==
  dependencies:
    "@tonaljs/chord-detect" "^4.5.1"
    "@tonaljs/chord-type" "^4.5.1"
    "@tonaljs/collection" "^4.5.1"
    "@tonaljs/core" "^4.5.1"
    "@tonaljs/pcset" "^4.5.1"
    "@tonaljs/scale-type" "^4.5.1"

"@tonaljs/collection@^4.5.1":
  version "4.5.1"
  resolved "https://registry.yarnpkg.com/@tonaljs/collection/-/collection-4.5.1.tgz#8ca162020f1cd62078e38cc6c30dfb32a9837b8a"
  integrity sha512-MEKjbJaS4SNUsIegW+IIGXgUZGs+Q/W9nSvdJWJnE0Jnxk76mNUNBzfT3OZBsDAlup/uazbEwzmaMHKvoXlAnA==

"@tonaljs/core@^4.5.1":
  version "4.5.1"
  resolved "https://registry.yarnpkg.com/@tonaljs/core/-/core-4.5.1.tgz#7297a75c0a8fce6feda836b2e1aec93bfd1c83fb"
  integrity sha512-dJxnI3wKZkgMhhrzV9gR+JBUUncgKcU2sxriVR53xCrxInwd7ql00018y21V8X9wsiMwyFjpGwlmegQEw13fkg==

"@tonaljs/duration-value@^4.5.1":
  version "4.5.1"
  resolved "https://registry.yarnpkg.com/@tonaljs/duration-value/-/duration-value-4.5.1.tgz#cd2149486896d3a9457ada31f41e49a65c6cb6c8"
  integrity sha512-J4ABYcLheOFsnVIY2mqZhHIekepuO0fDZ2KB+6DOnslkNXrYjKT4H1H/qv4/gLOZzbcDfYyj43e5jag+4BcL4w==

"@tonaljs/interval@^4.5.1":
  version "4.5.1"
  resolved "https://registry.yarnpkg.com/@tonaljs/interval/-/interval-4.5.1.tgz#845db15e474f25abe3b839c27da06e2d815f4646"
  integrity sha512-nqu7h8Lq8t6hhITRqcC8oLZhq+KSTHZbV29af7cSrYanZb0/mzJUg3GcGLAyMoUksKo40A5ArRcaWXvoWighLg==
  dependencies:
    "@tonaljs/core" "^4.5.1"

"@tonaljs/key@^4.6.0":
  version "4.6.0"
  resolved "https://registry.yarnpkg.com/@tonaljs/key/-/key-4.6.0.tgz#6852ead6c0f62900aa3d28f9f13ea878b2a68500"
  integrity sha512-a45oY4UIIPgIeiesH6M8tpA2j053Pi8WgMlZGMRCMEWxuaLXz6Ej4qdwuBYyby0M17cZvCSNDAFd+aZsTuLq5g==
  dependencies:
    "@tonaljs/core" "^4.5.1"
    "@tonaljs/note" "^4.6.0"
    "@tonaljs/roman-numeral" "^4.5.1"

"@tonaljs/midi@^4.5.1":
  version "4.5.1"
  resolved "https://registry.yarnpkg.com/@tonaljs/midi/-/midi-4.5.1.tgz#9e6a07b7dfd1584d7df41bc0d648ae8a946e4fb7"
  integrity sha512-CMfBtouilxGRR+lrmjiupMD10KRCanMvFVbGdcmwHRDNBQFtUw2fOUQoWdinEwky2KFPbuxpQ2vXibmiAViH/Q==
  dependencies:
    "@tonaljs/core" "^4.5.1"

"@tonaljs/mode@^4.5.1":
  version "4.5.1"
  resolved "https://registry.yarnpkg.com/@tonaljs/mode/-/mode-4.5.1.tgz#d86fb2da97868ab609d2ed05c434ac5b79181e60"
  integrity sha512-NFygHwxyyp+k3DioLhVQaI4FiEumKYANqgY3hvjf9e4dfnb6GbE4692KvDTX5Tgmg7wCcJDWs6s1YtAbFbAZbw==
  dependencies:
    "@tonaljs/collection" "^4.5.1"
    "@tonaljs/core" "^4.5.1"
    "@tonaljs/interval" "^4.5.1"
    "@tonaljs/pcset" "^4.5.1"

"@tonaljs/note@^4.6.0":
  version "4.6.0"
  resolved "https://registry.yarnpkg.com/@tonaljs/note/-/note-4.6.0.tgz#a52b74dfb415429ca38ea86dc6e8f486cc87375e"
  integrity sha512-09DqI3khZXqa0KziAXP3D9Yc7nklyYYMyL9IthtpPGrqaZyoA5ryrGUhtpXWg/tOrtkNx3VK+iJFDQdUiA9btQ==
  dependencies:
    "@tonaljs/core" "^4.5.1"
    "@tonaljs/midi" "^4.5.1"

"@tonaljs/pcset@^4.5.1":
  version "4.5.1"
  resolved "https://registry.yarnpkg.com/@tonaljs/pcset/-/pcset-4.5.1.tgz#83b7ff5e998a1de2302c3857aa1d093c364fb2ab"
  integrity sha512-v5xGgwadWidd0lZa1T7JdtelcqcRTtv9cEv+JXbRsjVn6WNLcRbfnA3dHrveJ8CysK45Bnuh3gvG1fu9SOZesA==
  dependencies:
    "@tonaljs/collection" "^4.5.1"
    "@tonaljs/core" "^4.5.1"

"@tonaljs/progression@^4.5.1":
  version "4.5.1"
  resolved "https://registry.yarnpkg.com/@tonaljs/progression/-/progression-4.5.1.tgz#3ad494081bb7f00d2d9a35df9e35c371a0427052"
  integrity sha512-xXEAMSKQs2PhrgPRP/hqn+AHKv+UcsryCRrLSQTEntY1AQW6eWlCIxWkgKASXRS926Y+eiGp6fdCR/4T5+wunQ==
  dependencies:
    "@tonaljs/chord" "^4.5.1"
    "@tonaljs/core" "^4.5.1"
    "@tonaljs/roman-numeral" "^4.5.1"

"@tonaljs/range@^4.5.1":
  version "4.5.1"
  resolved "https://registry.yarnpkg.com/@tonaljs/range/-/range-4.5.1.tgz#7062b991d7d03789a3829fe079134d699251b11a"
  integrity sha512-wHxy6o5TGtHSR0YcLAIUFcjg5D8GNHvQEAOXDujgakZ60hRxjYdIVMBcyFVbP4hd9zHGKRb8IqcwdtmWcWlcNw==
  dependencies:
    "@tonaljs/collection" "^4.5.1"
    "@tonaljs/midi" "^4.5.1"

"@tonaljs/roman-numeral@^4.5.1":
  version "4.5.1"
  resolved "https://registry.yarnpkg.com/@tonaljs/roman-numeral/-/roman-numeral-4.5.1.tgz#8361b7cbd0db939a773de2b36690bea411568f75"
  integrity sha512-esdWyFd/g8zzsreRa6fj4k7hCnOqtSJdClgVkikUcatDu0DA8NRlifpPagPx3TDikU0vF/jb2WoWITjLO7NMYA==
  dependencies:
    "@tonaljs/core" "^4.5.1"

"@tonaljs/scale-type@^4.5.1":
  version "4.5.1"
  resolved "https://registry.yarnpkg.com/@tonaljs/scale-type/-/scale-type-4.5.1.tgz#95458daa6dd7013d03a2d667442fe08ce7a31078"
  integrity sha512-FgOkAJ4+6hmMgCMY6AWD4lFv/FOeO4HiGY7ZcYvpyUB22oE9uQyrcXs3E18BFrsnr3Y9RXwvg5qW7/VUI33Ocg==
  dependencies:
    "@tonaljs/core" "^4.5.1"
    "@tonaljs/pcset" "^4.5.1"

"@tonaljs/scale@^4.6.0":
  version "4.6.0"
  resolved "https://registry.yarnpkg.com/@tonaljs/scale/-/scale-4.6.0.tgz#cf957f639bc1cb2d310e03be89ce56ebb394ef95"
  integrity sha512-ysmenWuovMu/aWHVn56o7UhQA9DTXY9o5PoaIDlZa7+CM2LXqkiayL6FAPJ7Y3ss7bOSFwovDd53yYwK9/xT9A==
  dependencies:
    "@tonaljs/chord-type" "^4.5.1"
    "@tonaljs/collection" "^4.5.1"
    "@tonaljs/core" "^4.5.1"
    "@tonaljs/note" "^4.6.0"
    "@tonaljs/pcset" "^4.5.1"
    "@tonaljs/scale-type" "^4.5.1"

"@tonaljs/time-signature@^4.5.1":
  version "4.5.1"
  resolved "https://registry.yarnpkg.com/@tonaljs/time-signature/-/time-signature-4.5.1.tgz#14cad7ad4876891a553829e964b9ce701713bb59"
  integrity sha512-ci35yhEIDniPUCZRG7ey8WYJIzgQchAGLCRggQd20wERPIry2rdItK2w+CVaSxvCy057PPTX6mH6ax/LRsF6PA==

"@tonaljs/tonal@^4.6.0":
  version "4.6.0"
  resolved "https://registry.yarnpkg.com/@tonaljs/tonal/-/tonal-4.6.0.tgz#bfa5cd3753bc8f6a9dc6d23c0eb0cec9b0843168"
  integrity sha512-KlRYI/9Iv73Oupc1vxU8QgjWJEnu+yBGUxsgGleDAOEtS/rdFsEu0BkaGsPr2cj2S9kt91M3herqHd6Nl9TbCA==
  dependencies:
    "@tonaljs/abc-notation" "^4.5.1"
    "@tonaljs/array" "^4.5.1"
    "@tonaljs/chord" "^4.5.1"
    "@tonaljs/chord-type" "^4.5.1"
    "@tonaljs/collection" "^4.5.1"
    "@tonaljs/core" "^4.5.1"
    "@tonaljs/duration-value" "^4.5.1"
    "@tonaljs/interval" "^4.5.1"
    "@tonaljs/key" "^4.6.0"
    "@tonaljs/midi" "^4.5.1"
    "@tonaljs/mode" "^4.5.1"
    "@tonaljs/note" "^4.6.0"
    "@tonaljs/pcset" "^4.5.1"
    "@tonaljs/progression" "^4.5.1"
    "@tonaljs/range" "^4.5.1"
    "@tonaljs/roman-numeral" "^4.5.1"
    "@tonaljs/scale" "^4.6.0"
    "@tonaljs/scale-type" "^4.5.1"
    "@tonaljs/time-signature" "^4.5.1"

abort-controller@^3.0.0:
  version "3.0.0"
  resolved "https://registry.yarnpkg.com/abort-controller/-/abort-controller-3.0.0.tgz#eaf54d53b62bae4138e809ca225c8439a6efb392"
  integrity sha512-h8lQ8tacZYnR3vNQTgibj+tODHI5/+l06Au2Pcriv/Gmet0eaj4TwWH41sO9wnHDiQsEj19q0drzdWdeAHtweg==
  dependencies:
    event-target-shim "^5.0.0"

asynckit@^0.4.0:
  version "0.4.0"
  resolved "https://registry.yarnpkg.com/asynckit/-/asynckit-0.4.0.tgz#c79ed97f7f34cb8f2ba1bc9790bcc366474b4b79"
  integrity sha1-x57Zf380y48robyXkLzDZkdLS3k=

combined-stream@^1.0.8:
  version "1.0.8"
  resolved "https://registry.yarnpkg.com/combined-stream/-/combined-stream-1.0.8.tgz#c3d45a8b34fd730631a110a8a2520682b31d5a7f"
  integrity sha512-FQN4MRfuJeHf7cBbBMJFXhKSDq+2kAArBlmRBvcvFE5BB1HZKXtSFASDhdlz9zOYwxh8lDdnvmMOe/+5cdoEdg==
  dependencies:
    delayed-stream "~1.0.0"

delayed-stream@~1.0.0:
  version "1.0.0"
  resolved "https://registry.yarnpkg.com/delayed-stream/-/delayed-stream-1.0.0.tgz#df3ae199acadfb7d440aaae0b29e2272b24ec619"
  integrity sha1-3zrhmayt+31ECqrgsp4icrJOxhk=

discord.js@^12.5.1:
  version "12.5.1"
  resolved "https://registry.yarnpkg.com/discord.js/-/discord.js-12.5.1.tgz#992b45753e3815526a279914ccc281d3496f5990"
  integrity sha512-VwZkVaUAIOB9mKdca0I5MefPMTQJTNg0qdgi1huF3iwsFwJ0L5s/Y69AQe+iPmjuV6j9rtKoG0Ta0n9vgEIL6w==
  dependencies:
    "@discordjs/collection" "^0.1.6"
    "@discordjs/form-data" "^3.0.1"
    abort-controller "^3.0.0"
    node-fetch "^2.6.1"
    prism-media "^1.2.2"
    setimmediate "^1.0.5"
    tweetnacl "^1.0.3"
    ws "^7.3.1"

dotenv@^8.2.0:
  version "8.2.0"
  resolved "https://registry.yarnpkg.com/dotenv/-/dotenv-8.2.0.tgz#97e619259ada750eea3e4ea3e26bceea5424b16a"
  integrity sha512-8sJ78ElpbDJBHNeBzUbUVLsqKdccaa/BXF1uPTw3GrvQTBgrQrtObr2mUrE38vzYd8cEv+m/JBfDLioYcfXoaw==

event-target-shim@^5.0.0:
  version "5.0.1"
  resolved "https://registry.yarnpkg.com/event-target-shim/-/event-target-shim-5.0.1.tgz#5d4d3ebdf9583d63a5333ce2deb7480ab2b05789"
  integrity sha512-i/2XbnSz/uxRCU6+NdVJgKWDTM427+MqYbkQzD321DuCQJUqOuJKIA0IM2+W2xtYHdKOmZ4dR6fExsd4SXL+WQ==

lodash@^4.17.20:
  version "4.17.20"
  resolved "https://registry.yarnpkg.com/lodash/-/lodash-4.17.20.tgz#b44a9b6297bcb698f1c51a3545a2b3b368d59c52"
  integrity sha512-PlhdFcillOINfeV7Ni6oF1TAEayyZBoZ8bcshTHqOYJYlrqzRK5hagpagky5o4HfCzzd1TRkXPMFq6cKk9rGmA==

mime-db@1.45.0:
  version "1.45.0"
  resolved "https://registry.yarnpkg.com/mime-db/-/mime-db-1.45.0.tgz#cceeda21ccd7c3a745eba2decd55d4b73e7879ea"
  integrity sha512-CkqLUxUk15hofLoLyljJSrukZi8mAtgd+yE5uO4tqRZsdsAJKv0O+rFMhVDRJgozy+yG6md5KwuXhD4ocIoP+w==

mime-types@^2.1.12:
  version "2.1.28"
  resolved "https://registry.yarnpkg.com/mime-types/-/mime-types-2.1.28.tgz#1160c4757eab2c5363888e005273ecf79d2a0ecd"
  integrity sha512-0TO2yJ5YHYr7M2zzT7gDU1tbwHxEUWBCLt0lscSNpcdAfFyJOVEpRYNS7EXVcTLNj/25QO8gulHC5JtTzSE2UQ==
  dependencies:
    mime-db "1.45.0"

node-fetch@^2.6.1:
  version "2.6.1"
  resolved "https://registry.yarnpkg.com/node-fetch/-/node-fetch-2.6.1.tgz#045bd323631f76ed2e2b55573394416b639a0052"
  integrity sha512-V4aYg89jEoVRxRb2fJdAg8FHvI7cEyYdVAh94HH0UIK8oJxUfkjlDQN9RbMx+bEjP7+ggMiFRprSti032Oipxw==

prism-media@^1.2.2:
  version "1.2.5"
  resolved "https://registry.yarnpkg.com/prism-media/-/prism-media-1.2.5.tgz#a3fcb4f7873336d6fcf420213434c1bf5272efe1"
  integrity sha512-YqSnMCugv+KUNE9PQec48Dq22jSxB/B6UcfD9jTpPN1Mbuh+RqELdTJmRPj106z3aa8ZuXrWGQllXPeIGmKbvw==

setimmediate@^1.0.5:
  version "1.0.5"
  resolved "https://registry.yarnpkg.com/setimmediate/-/setimmediate-1.0.5.tgz#290cbb232e306942d7d7ea9b83732ab7856f8285"
  integrity sha1-KQy7Iy4waULX1+qbg3Mqt4VvgoU=

tweetnacl@^1.0.3:
  version "1.0.3"
  resolved "https://registry.yarnpkg.com/tweetnacl/-/tweetnacl-1.0.3.tgz#ac0af71680458d8a6378d0d0d050ab1407d35596"
  integrity sha512-6rt+RN7aOi1nGMyC4Xa5DdYiukl2UWCbcJft7YhxReBGQD7OAM8Pbxw6YMo4r2diNEA8FEmu32YOn9rhaiE5yw==

ws@^7.3.1:
  version "7.4.3"
  resolved "https://registry.yarnpkg.com/ws/-/ws-7.4.3.tgz#1f9643de34a543b8edb124bdcbc457ae55a6e5cd"
  integrity sha512-hr6vCR76GsossIRsr8OLR9acVVm1jyfEWvhbNjtgPOrfvAlKzvyeg/P6r8RuDjRyrcQoPQT7K0DGEPc7Ae6jzA==
